
Microsoft Visual Studio Solution File, Format Version 12.00
# Visual Studio Version 17
VisualStudioVersion = 17.5.33318.248
MinimumVisualStudioVersion = 10.0.40219.1
Project("{8BC9CEB8-8B4A-11D0-8D11-00A0C91BC942}") = "Json", "Json\Json.vcxproj", "{F067CD53-5A65-4C37-AB1E-90E15FDC18EA}"
EndProject
Project("{8BC9CEB8-8B4A-11D0-8D11-00A0C91BC942}") = "Json.exe", "Json.exe\Json.exe.vcxproj", "{2FB67CE6-E5DB-4433-A399-6D4592734CF1}"
EndProject
Project("{8BC9CEB8-8B4A-11D0-8D11-00A0C91BC942}") = "StatLibJson", "StatLibJson\StatLibJson.vcxproj", "{74BF6D5E-24A3-4BD0-8B3B-243C87602432}"
EndProject
Project("{8BC9CEB8-8B4A-11D0-8D11-00A0C91BC942}") = "DLLJson", "DLLJson\DLLJson.vcxproj", "{97BA1864-E61F-4F12-860F-D5ACB1CDB8BE}"
EndProject
Project("{FAE04EC0-301F-11D3-BF4B-00C04F79EFBC}") = "JsonVisual", "JsonVisual\JsonVisual.csproj", "{50B0325F-439E-4392-BF21-0C8787ECD277}"
EndProject
Global
	GlobalSection(SolutionConfigurationPlatforms) = preSolution
		Debug|Any CPU = Debug|Any CPU
		Debug|x64 = Debug|x64
		Debug|x86 = Debug|x86
		Release|Any CPU = Release|Any CPU
		Release|x64 = Release|x64
		Release|x86 = Release|x86
	EndGlobalSection
	GlobalSection(ProjectConfigurationPlatforms) = postSolution
		{F067CD53-5A65-4C37-AB1E-90E15FDC18EA}.Debug|Any CPU.ActiveCfg = Debug|x64
		{F067CD53-5A65-4C37-AB1E-90E15FDC18EA}.Debug|Any CPU.Build.0 = Debug|x64
		{F067CD53-5A65-4C37-AB1E-90E15FDC18EA}.Debug|x64.ActiveCfg = Debug|x64
		{F067CD53-5A65-4C37-AB1E-90E15FDC18EA}.Debug|x64.Build.0 = Debug|x64
		{F067CD53-5A65-4C37-AB1E-90E15FDC18EA}.Debug|x86.ActiveCfg = Debug|Win32
		{F067CD53-5A65-4C37-AB1E-90E15FDC18EA}.Debug|x86.Build.0 = Debug|Win32
		{F067CD53-5A65-4C37-AB1E-90E15FDC18EA}.Release|Any CPU.ActiveCfg = Release|x64
		{F067CD53-5A65-4C37-AB1E-90E15FDC18EA}.Release|Any CPU.Build.0 = Release|x64
		{F067CD53-5A65-4C37-AB1E-90E15FDC18EA}.Release|x64.ActiveCfg = Release|x64
		{F067CD53-5A65-4C37-AB1E-90E15FDC18EA}.Release|x64.Build.0 = Release|x64
		{F067CD53-5A65-4C37-AB1E-90E15FDC18EA}.Release|x86.ActiveCfg = Release|Win32
		{F067CD53-5A65-4C37-AB1E-90E15FDC18EA}.Release|x86.Build.0 = Release|Win32
		{2FB67CE6-E5DB-4433-A399-6D4592734CF1}.Debug|Any CPU.ActiveCfg = Debug|x64
		{2FB67CE6-E5DB-4433-A399-6D4592734CF1}.Debug|Any CPU.Build.0 = Debug|x64
		{2FB67CE6-E5DB-4433-A399-6D4592734CF1}.Debug|x64.ActiveCfg = Debug|x64
		{2FB67CE6-E5DB-4433-A399-6D4592734CF1}.Debug|x64.Build.0 = Debug|x64
		{2FB67CE6-E5DB-4433-A399-6D4592734CF1}.Debug|x86.ActiveCfg = Debug|Win32
		{2FB67CE6-E5DB-4433-A399-6D4592734CF1}.Debug|x86.Build.0 = Debug|Win32
		{2FB67CE6-E5DB-4433-A399-6D4592734CF1}.Release|Any CPU.ActiveCfg = Release|x64
		{2FB67CE6-E5DB-4433-A399-6D4592734CF1}.Release|Any CPU.Build.0 = Release|x64
		{2FB67CE6-E5DB-4433-A399-6D4592734CF1}.Release|x64.ActiveCfg = Release|x64
		{2FB67CE6-E5DB-4433-A399-6D4592734CF1}.Release|x64.Build.0 = Release|x64
		{2FB67CE6-E5DB-4433-A399-6D4592734CF1}.Release|x86.ActiveCfg = Release|Win32
		{2FB67CE6-E5DB-4433-A399-6D4592734CF1}.Release|x86.Build.0 = Release|Win32
		{74BF6D5E-24A3-4BD0-8B3B-243C87602432}.Debug|Any CPU.ActiveCfg = Debug|x64
		{74BF6D5E-24A3-4BD0-8B3B-243C87602432}.Debug|Any CPU.Build.0 = Debug|x64
		{74BF6D5E-24A3-4BD0-8B3B-243C87602432}.Debug|x64.ActiveCfg = Debug|x64
		{74BF6D5E-24A3-4BD0-8B3B-243C87602432}.Debug|x64.Build.0 = Debug|x64
		{74BF6D5E-24A3-4BD0-8B3B-243C87602432}.Debug|x86.ActiveCfg = Debug|Win32
		{74BF6D5E-24A3-4BD0-8B3B-243C87602432}.Debug|x86.Build.0 = Debug|Win32
		{74BF6D5E-24A3-4BD0-8B3B-243C87602432}.Release|Any CPU.ActiveCfg = Release|x64
		{74BF6D5E-24A3-4BD0-8B3B-243C87602432}.Release|Any CPU.Build.0 = Release|x64
		{74BF6D5E-24A3-4BD0-8B3B-243C87602432}.Release|x64.ActiveCfg = Release|x64
		{74BF6D5E-24A3-4BD0-8B3B-243C87602432}.Release|x64.Build.0 = Release|x64
		{74BF6D5E-24A3-4BD0-8B3B-243C87602432}.Release|x86.ActiveCfg = Release|Win32
		{74BF6D5E-24A3-4BD0-8B3B-243C87602432}.Release|x86.Build.0 = Release|Win32
		{97BA1864-E61F-4F12-860F-D5ACB1CDB8BE}.Debug|Any CPU.ActiveCfg = Debug|x64
		{97BA1864-E61F-4F12-860F-D5ACB1CDB8BE}.Debug|Any CPU.Build.0 = Debug|x64
		{97BA1864-E61F-4F12-860F-D5ACB1CDB8BE}.Debug|x64.ActiveCfg = Debug|x64
		{97BA1864-E61F-4F12-860F-D5ACB1CDB8BE}.Debug|x64.Build.0 = Debug|x64
		{97BA1864-E61F-4F12-860F-D5ACB1CDB8BE}.Debug|x86.ActiveCfg = Debug|Win32
		{97BA1864-E61F-4F12-860F-D5ACB1CDB8BE}.Debug|x86.Build.0 = Debug|Win32
		{97BA1864-E61F-4F12-860F-D5ACB1CDB8BE}.Release|Any CPU.ActiveCfg = Release|x64
		{97BA1864-E61F-4F12-860F-D5ACB1CDB8BE}.Release|Any CPU.Build.0 = Release|x64
		{97BA1864-E61F-4F12-860F-D5ACB1CDB8BE}.Release|x64.ActiveCfg = Release|x64
		{97BA1864-E61F-4F12-860F-D5ACB1CDB8BE}.Release|x64.Build.0 = Release|x64
		{97BA1864-E61F-4F12-860F-D5ACB1CDB8BE}.Release|x86.ActiveCfg = Release|Win32
		{97BA1864-E61F-4F12-860F-D5ACB1CDB8BE}.Release|x86.Build.0 = Release|Win32
		{50B0325F-439E-4392-BF21-0C8787ECD277}.Debug|Any CPU.ActiveCfg = Debug|Any CPU
		{50B0325F-439E-4392-BF21-0C8787ECD277}.Debug|Any CPU.Build.0 = Debug|Any CPU
		{50B0325F-439E-4392-BF21-0C8787ECD277}.Debug|x64.ActiveCfg = Debug|Any CPU
		{50B0325F-439E-4392-BF21-0C8787ECD277}.Debug|x64.Build.0 = Debug|Any CPU
		{50B0325F-439E-4392-BF21-0C8787ECD277}.Debug|x86.ActiveCfg = Debug|Any CPU
		{50B0325F-439E-4392-BF21-0C8787ECD277}.Debug|x86.Build.0 = Debug|Any CPU
		{50B0325F-439E-4392-BF21-0C8787ECD277}.Release|Any CPU.ActiveCfg = Release|Any CPU
		{50B0325F-439E-4392-BF21-0C8787ECD277}.Release|Any CPU.Build.0 = Release|Any CPU
		{50B0325F-439E-4392-BF21-0C8787ECD277}.Release|x64.ActiveCfg = Release|Any CPU
		{50B0325F-439E-4392-BF21-0C8787ECD277}.Release|x64.Build.0 = Release|Any CPU
		{50B0325F-439E-4392-BF21-0C8787ECD277}.Release|x86.ActiveCfg = Release|Any CPU
		{50B0325F-439E-4392-BF21-0C8787ECD277}.Release|x86.Build.0 = Release|Any CPU
	EndGlobalSection
	GlobalSection(SolutionProperties) = preSolution
		HideSolutionNode = FALSE
	EndGlobalSection
	GlobalSection(ExtensibilityGlobals) = postSolution
		SolutionGuid = {1CEF86B8-F335-43D8-9DD1-E29F97143FA6}
	EndGlobalSection
EndGlobal
